
Microsoft Visual Studio Solution File, Format Version 12.00
# Visual Studio Version 17
VisualStudioVersion = 17.5.33627.172
MinimumVisualStudioVersion = 10.0.40219.1
Project("{9A19103F-16F7-4668-BE54-9A1E7A4F7556}") = "SeleniumFramework", "SeleniumFramework\SeleniumFramework.csproj", "{4D4225DB-A9FD-4959-819D-25988DDD7864}"
EndProject
Project("{FAE04EC0-301F-11D3-BF4B-00C04F79EFBC}") = "DemoTest", "DemoTest\DemoTest.csproj", "{D0BE9871-295D-4EC4-BB8F-737B0A2A0272}"
EndProject
Global
	GlobalSection(SolutionConfigurationPlatforms) = preSolution
		Debug|Any CPU = Debug|Any CPU
		Release|Any CPU = Release|Any CPU
	EndGlobalSection
	GlobalSection(ProjectConfigurationPlatforms) = postSolution
		{4D4225DB-A9FD-4959-819D-25988DDD7864}.Debug|Any CPU.ActiveCfg = Debug|Any CPU
		{4D4225DB-A9FD-4959-819D-25988DDD7864}.Debug|Any CPU.Build.0 = Debug|Any CPU
		{4D4225DB-A9FD-4959-819D-25988DDD7864}.Release|Any CPU.ActiveCfg = Release|Any CPU
		{4D4225DB-A9FD-4959-819D-25988DDD7864}.Release|Any CPU.Build.0 = Release|Any CPU
		{D0BE9871-295D-4EC4-BB8F-737B0A2A0272}.Debug|Any CPU.ActiveCfg = Debug|Any CPU
		{D0BE9871-295D-4EC4-BB8F-737B0A2A0272}.Debug|Any CPU.Build.0 = Debug|Any CPU
		{D0BE9871-295D-4EC4-BB8F-737B0A2A0272}.Release|Any CPU.ActiveCfg = Release|Any CPU
		{D0BE9871-295D-4EC4-BB8F-737B0A2A0272}.Release|Any CPU.Build.0 = Release|Any CPU
	EndGlobalSection
	GlobalSection(SolutionProperties) = preSolution
		HideSolutionNode = FALSE
	EndGlobalSection
	GlobalSection(ExtensibilityGlobals) = postSolution
		SolutionGuid = {733DEE94-B08C-4BB5-9F69-0E0D6D0DB53E}
	EndGlobalSection
EndGlobal
